PODS:
  - IBMWatsonAssistantV1 (2.3.0):
    - IBMWatsonRestKit (~> 3.0.0)
  - IBMWatsonRestKit (3.0.3)
  - MessageKit (1.0.0)

DEPENDENCIES:
  - IBMWatsonAssistantV1
  - MessageKit (= 1.0.0)

SPEC REPOS:
  https://github.com/cocoapods/specs.git:
    - IBMWatsonAssistantV1
    - IBMWatsonRestKit
    - MessageKit

SPEC CHECKSUMS:
  IBMWatsonAssistantV1: d6c16c23c54aeefaee5de8972e5b410d812abf4c
  IBMWatsonRestKit: 47dcac7ccc12e0d15a948b79e481e0e0abacb057
  MessageKit: 16160036b16476b04bd0e9f2c7ce67e662e503e4

PODFILE CHECKSUM: a36a6abce16d794281066042dbbffdb113149a4a

COCOAPODS: 1.7.5
